
Microsoft Visual Studio Solution File, Format Version 12.00
# Visual Studio Version 16
VisualStudioVersion = 16.6.30114.105
MinimumVisualStudioVersion = 10.0.40219.1
Project("{FAE04EC0-301F-11D3-BF4B-00C04F79EFBC}") = "API", "API\API.csproj", "{40826AE0-FE9D-4B97-B0CC-91163ACD4062}"
EndProject
Project("{FAE04EC0-301F-11D3-BF4B-00C04F79EFBC}") = "Application", "Application\Application.csproj", "{10F3C6CC-AC96-4071-B764-5AE2A17EA956}"
EndProject
Project("{FAE04EC0-301F-11D3-BF4B-00C04F79EFBC}") = "Domain", "Domain\Domain.csproj", "{E604D056-0705-4F81-8C78-A634C0A65054}"
EndProject
Project("{FAE04EC0-301F-11D3-BF4B-00C04F79EFBC}") = "Persistence", "Persistence\Persistence.csproj", "{53D9BC6E-D9C8-4E7E-BBAC-DE8FD7EE5C76}"
EndProject
Global
	GlobalSection(SolutionConfigurationPlatforms) = preSolution
		Debug|Any CPU = Debug|Any CPU
		Debug|x64 = Debug|x64
		Debug|x86 = Debug|x86
		Release|Any CPU = Release|Any CPU
		Release|x64 = Release|x64
		Release|x86 = Release|x86
	EndGlobalSection
	GlobalSection(SolutionProperties) = preSolution
		HideSolutionNode = FALSE
	EndGlobalSection
	GlobalSection(ProjectConfigurationPlatforms) = postSolution
		{40826AE0-FE9D-4B97-B0CC-91163ACD4062}.Debug|Any CPU.ActiveCfg = Debug|Any CPU
		{40826AE0-FE9D-4B97-B0CC-91163ACD4062}.Debug|Any CPU.Build.0 = Debug|Any CPU
		{40826AE0-FE9D-4B97-B0CC-91163ACD4062}.Debug|x64.ActiveCfg = Debug|Any CPU
		{40826AE0-FE9D-4B97-B0CC-91163ACD4062}.Debug|x64.Build.0 = Debug|Any CPU
		{40826AE0-FE9D-4B97-B0CC-91163ACD4062}.Debug|x86.ActiveCfg = Debug|Any CPU
		{40826AE0-FE9D-4B97-B0CC-91163ACD4062}.Debug|x86.Build.0 = Debug|Any CPU
		{40826AE0-FE9D-4B97-B0CC-91163ACD4062}.Release|Any CPU.ActiveCfg = Release|Any CPU
		{40826AE0-FE9D-4B97-B0CC-91163ACD4062}.Release|Any CPU.Build.0 = Release|Any CPU
		{40826AE0-FE9D-4B97-B0CC-91163ACD4062}.Release|x64.ActiveCfg = Release|Any CPU
		{40826AE0-FE9D-4B97-B0CC-91163ACD4062}.Release|x64.Build.0 = Release|Any CPU
		{40826AE0-FE9D-4B97-B0CC-91163ACD4062}.Release|x86.ActiveCfg = Release|Any CPU
		{40826AE0-FE9D-4B97-B0CC-91163ACD4062}.Release|x86.Build.0 = Release|Any CPU
		{10F3C6CC-AC96-4071-B764-5AE2A17EA956}.Debug|Any CPU.ActiveCfg = Debug|Any CPU
		{10F3C6CC-AC96-4071-B764-5AE2A17EA956}.Debug|Any CPU.Build.0 = Debug|Any CPU
		{10F3C6CC-AC96-4071-B764-5AE2A17EA956}.Debug|x64.ActiveCfg = Debug|Any CPU
		{10F3C6CC-AC96-4071-B764-5AE2A17EA956}.Debug|x64.Build.0 = Debug|Any CPU
		{10F3C6CC-AC96-4071-B764-5AE2A17EA956}.Debug|x86.ActiveCfg = Debug|Any CPU
		{10F3C6CC-AC96-4071-B764-5AE2A17EA956}.Debug|x86.Build.0 = Debug|Any CPU
		{10F3C6CC-AC96-4071-B764-5AE2A17EA956}.Release|Any CPU.ActiveCfg = Release|Any CPU
		{10F3C6CC-AC96-4071-B764-5AE2A17EA956}.Release|Any CPU.Build.0 = Release|Any CPU
		{10F3C6CC-AC96-4071-B764-5AE2A17EA956}.Release|x64.ActiveCfg = Release|Any CPU
		{10F3C6CC-AC96-4071-B764-5AE2A17EA956}.Release|x64.Build.0 = Release|Any CPU
		{10F3C6CC-AC96-4071-B764-5AE2A17EA956}.Release|x86.ActiveCfg = Release|Any CPU
		{10F3C6CC-AC96-4071-B764-5AE2A17EA956}.Release|x86.Build.0 = Release|Any CPU
		{E604D056-0705-4F81-8C78-A634C0A65054}.Debug|Any CPU.ActiveCfg = Debug|Any CPU
		{E604D056-0705-4F81-8C78-A634C0A65054}.Debug|Any CPU.Build.0 = Debug|Any CPU
		{E604D056-0705-4F81-8C78-A634C0A65054}.Debug|x64.ActiveCfg = Debug|Any CPU
		{E604D056-0705-4F81-8C78-A634C0A65054}.Debug|x64.Build.0 = Debug|Any CPU
		{E604D056-0705-4F81-8C78-A634C0A65054}.Debug|x86.ActiveCfg = Debug|Any CPU
		{E604D056-0705-4F81-8C78-A634C0A65054}.Debug|x86.Build.0 = Debug|Any CPU
		{E604D056-0705-4F81-8C78-A634C0A65054}.Release|Any CPU.ActiveCfg = Release|Any CPU
		{E604D056-0705-4F81-8C78-A634C0A65054}.Release|Any CPU.Build.0 = Release|Any CPU
		{E604D056-0705-4F81-8C78-A634C0A65054}.Release|x64.ActiveCfg = Release|Any CPU
		{E604D056-0705-4F81-8C78-A634C0A65054}.Release|x64.Build.0 = Release|Any CPU
		{E604D056-0705-4F81-8C78-A634C0A65054}.Release|x86.ActiveCfg = Release|Any CPU
		{E604D056-0705-4F81-8C78-A634C0A65054}.Release|x86.Build.0 = Release|Any CPU
		{53D9BC6E-D9C8-4E7E-BBAC-DE8FD7EE5C76}.Debug|Any CPU.ActiveCfg = Debug|Any CPU
		{53D9BC6E-D9C8-4E7E-BBAC-DE8FD7EE5C76}.Debug|Any CPU.Build.0 = Debug|Any CPU
		{53D9BC6E-D9C8-4E7E-BBAC-DE8FD7EE5C76}.Debug|x64.ActiveCfg = Debug|Any CPU
		{53D9BC6E-D9C8-4E7E-BBAC-DE8FD7EE5C76}.Debug|x64.Build.0 = Debug|Any CPU
		{53D9BC6E-D9C8-4E7E-BBAC-DE8FD7EE5C76}.Debug|x86.ActiveCfg = Debug|Any CPU
		{53D9BC6E-D9C8-4E7E-BBAC-DE8FD7EE5C76}.Debug|x86.Build.0 = Debug|Any CPU
		{53D9BC6E-D9C8-4E7E-BBAC-DE8FD7EE5C76}.Release|Any CPU.ActiveCfg = Release|Any CPU
		{53D9BC6E-D9C8-4E7E-BBAC-DE8FD7EE5C76}.Release|Any CPU.Build.0 = Release|Any CPU
		{53D9BC6E-D9C8-4E7E-BBAC-DE8FD7EE5C76}.Release|x64.ActiveCfg = Release|Any CPU
		{53D9BC6E-D9C8-4E7E-BBAC-DE8FD7EE5C76}.Release|x64.Build.0 = Release|Any CPU
		{53D9BC6E-D9C8-4E7E-BBAC-DE8FD7EE5C76}.Release|x86.ActiveCfg = Release|Any CPU
		{53D9BC6E-D9C8-4E7E-BBAC-DE8FD7EE5C76}.Release|x86.Build.0 = Release|Any CPU
	EndGlobalSection
EndGlobal
